
Microsoft Visual Studio Solution File, Format Version 12.00
# Visual Studio Version 16
VisualStudioVersion = 16.0.30114.105
MinimumVisualStudioVersion = 10.0.40219.1
Project("{FAE04EC0-301F-11D3-BF4B-00C04F79EFBC}") = "LibraryManagementSystem", "LibraryManagementSystem\LibraryManagementSystem.csproj", "{543C0A18-734D-4218-83D6-9FA2E6D67786}"
EndProject
Global
	GlobalSection(SolutionConfigurationPlatforms) = preSolution
		Debug|Any CPU = Debug|Any CPU
		Release|Any CPU = Release|Any CPU
	EndGlobalSection
	GlobalSection(ProjectConfigurationPlatforms) = postSolution
		{543C0A18-734D-4218-83D6-9FA2E6D67786}.Debug|Any CPU.ActiveCfg = Debug|Any CPU
		{543C0A18-734D-4218-83D6-9FA2E6D67786}.Debug|Any CPU.Build.0 = Debug|Any CPU
		{543C0A18-734D-4218-83D6-9FA2E6D67786}.Release|Any CPU.ActiveCfg = Release|Any CPU
		{543C0A18-734D-4218-83D6-9FA2E6D67786}.Release|Any CPU.Build.0 = Release|Any CPU
	EndGlobalSection
	GlobalSection(SolutionProperties) = preSolution
		HideSolutionNode = FALSE
	EndGlobalSection
	GlobalSection(ExtensibilityGlobals) = postSolution
		SolutionGuid = {ECEB5FEB-0331-418E-AE69-45CB04DD2A36}
	EndGlobalSection
EndGlobal
